// !$*UTF8*$!
{
	archiveVersion = 1;
	classes = {
	};
	objectVersion = 56;
	objects = {

/* Begin PBXBuildFile section */
		440AEC0B2B166A3D006B6F9D /* NetworkManagerTests.swift in Sources */ = {isa = PBXBuildFile; fileRef = 440AEC0A2B166A3D006B6F9D /* NetworkManagerTests.swift */; };
		441865092A5327B3001E0BDF /* TheRealMealApp.swift in Sources */ = {isa = PBXBuildFile; fileRef = 441865082A5327B3001E0BDF /* TheRealMealApp.swift */; };
		4418650B2A5327B3001E0BDF /* CategoriesView.swift in Sources */ = {isa = PBXBuildFile; fileRef = 4418650A2A5327B3001E0BDF /* CategoriesView.swift */; };
		4418650D2A5327B4001E0BDF /* Assets.xcassets in Resources */ = {isa = PBXBuildFile; fileRef = 4418650C2A5327B4001E0BDF /* Assets.xcassets */; };
		441865102A5327B4001E0BDF /* Preview Assets.xcassets in Resources */ = {isa = PBXBuildFile; fileRef = 4418650F2A5327B4001E0BDF /* Preview Assets.xcassets */; };
		4418651A2A5327B4001E0BDF /* TheRealMealUtilityTests.swift in Sources */ = {isa = PBXBuildFile; fileRef = 441865192A5327B4001E0BDF /* TheRealMealUtilityTests.swift */; };
		441865242A5327B4001E0BDF /* TheRealMealUITests.swift in Sources */ = {isa = PBXBuildFile; fileRef = 441865232A5327B4001E0BDF /* TheRealMealUITests.swift */; };
		441865262A5327B4001E0BDF /* TheRealMealUITestsLaunchTests.swift in Sources */ = {isa = PBXBuildFile; fileRef = 441865252A5327B4001E0BDF /* TheRealMealUITestsLaunchTests.swift */; };
		443462932A53406A00F59043 /* MealsView.swift in Sources */ = {isa = PBXBuildFile; fileRef = 443462922A53406A00F59043 /* MealsView.swift */; };
		445C53282A534979000CF2BB /* Utilities.swift in Sources */ = {isa = PBXBuildFile; fileRef = 445C53272A534979000CF2BB /* Utilities.swift */; };
		445C532C2A534DC0000CF2BB /* MealDetailView.swift in Sources */ = {isa = PBXBuildFile; fileRef = 445C532B2A534DC0000CF2BB /* MealDetailView.swift */; };
		445C53302A537853000CF2BB /* CategoriesViewModel.swift in Sources */ = {isa = PBXBuildFile; fileRef = 445C532F2A537853000CF2BB /* CategoriesViewModel.swift */; };
		445C53322A53788D000CF2BB /* MealsViewModel.swift in Sources */ = {isa = PBXBuildFile; fileRef = 445C53312A53788D000CF2BB /* MealsViewModel.swift */; };
		445C53342A537898000CF2BB /* MealDetailViewModel.swift in Sources */ = {isa = PBXBuildFile; fileRef = 445C53332A537898000CF2BB /* MealDetailViewModel.swift */; };
		4481BF532A53828100F772EF /* Meals.swift in Sources */ = {isa = PBXBuildFile; fileRef = 4481BF522A53828100F772EF /* Meals.swift */; };
		44925A322A6329B1007F86DF /* MealDBViewModel.swift in Sources */ = {isa = PBXBuildFile; fileRef = 44925A312A6329B1007F86DF /* MealDBViewModel.swift */; };
		44925A342A632FCA007F86DF /* Categories.swift in Sources */ = {isa = PBXBuildFile; fileRef = 44925A332A632FCA007F86DF /* Categories.swift */; };
/* End PBXBuildFile section */

/* Begin PBXContainerItemProxy section */
		441865162A5327B4001E0BDF /* PBXContainerItemProxy */ = {
			isa = PBXContainerItemProxy;
			containerPortal = 441864FD2A5327B3001E0BDF /* Project object */;
			proxyType = 1;
			remoteGlobalIDString = 441865042A5327B3001E0BDF;
			remoteInfo = TheRealMeal;
		};
		441865202A5327B4001E0BDF /* PBXContainerItemProxy */ = {
			isa = PBXContainerItemProxy;
			containerPortal = 441864FD2A5327B3001E0BDF /* Project object */;
			proxyType = 1;
			remoteGlobalIDString = 441865042A5327B3001E0BDF;
			remoteInfo = TheRealMeal;
		};
/* End PBXContainerItemProxy section */

/* Begin PBXFileReference section */
		440AEC0A2B166A3D006B6F9D /* NetworkManagerTests.swift */ = {isa = PBXFileReference; lastKnownFileType = sourcecode.swift; path = NetworkManagerTests.swift; sourceTree = "<group>"; };
		441865052A5327B3001E0BDF /* TheRealMeal.app */ = {isa = PBXFileReference; explicitFileType = wrapper.application; includeInIndex = 0; path = TheRealMeal.app; sourceTree = BUILT_PRODUCTS_DIR; };
		441865082A5327B3001E0BDF /* TheRealMealApp.swift */ = {isa = PBXFileReference; lastKnownFileType = sourcecode.swift; path = TheRealMealApp.swift; sourceTree = "<group>"; };
		4418650A2A5327B3001E0BDF /* CategoriesView.swift */ = {isa = PBXFileReference; lastKnownFileType = sourcecode.swift; path = CategoriesView.swift; sourceTree = "<group>"; };
		4418650C2A5327B4001E0BDF /* Assets.xcassets */ = {isa = PBXFileReference; lastKnownFileType = folder.assetcatalog; path = Assets.xcassets; sourceTree = "<group>"; };
		4418650F2A5327B4001E0BDF /* Preview Assets.xcassets */ = {isa = PBXFileReference; lastKnownFileType = folder.assetcatalog; path = "Preview Assets.xcassets"; sourceTree = "<group>"; };
		441865152A5327B4001E0BDF /* TheRealMealTests.xctest */ = {isa = PBXFileReference; explicitFileType = wrapper.cfbundle; includeInIndex = 0; path = TheRealMealTests.xctest; sourceTree = BUILT_PRODUCTS_DIR; };
		441865192A5327B4001E0BDF /* TheRealMealUtilityTests.swift */ = {isa = PBXFileReference; lastKnownFileType = sourcecode.swift; path = TheRealMealUtilityTests.swift; sourceTree = "<group>"; };
		4418651F2A5327B4001E0BDF /* TheRealMealUITests.xctest */ = {isa = PBXFileReference; explicitFileType = wrapper.cfbundle; includeInIndex = 0; path = TheRealMealUITests.xctest; sourceTree = BUILT_PRODUCTS_DIR; };
		441865232A5327B4001E0BDF /* TheRealMealUITests.swift */ = {isa = PBXFileReference; lastKnownFileType = sourcecode.swift; path = TheRealMealUITests.swift; sourceTree = "<group>"; };
		441865252A5327B4001E0BDF /* TheRealMealUITestsLaunchTests.swift */ = {isa = PBXFileReference; lastKnownFileType = sourcecode.swift; path = TheRealMealUITestsLaunchTests.swift; sourceTree = "<group>"; };
		443462922A53406A00F59043 /* MealsView.swift */ = {isa = PBXFileReference; lastKnownFileType = sourcecode.swift; path = MealsView.swift; sourceTree = "<group>"; };
		445C53272A534979000CF2BB /* Utilities.swift */ = {isa = PBXFileReference; lastKnownFileType = sourcecode.swift; path = Utilities.swift; sourceTree = "<group>"; };
		445C532B2A534DC0000CF2BB /* MealDetailView.swift */ = {isa = PBXFileReference; lastKnownFileType = sourcecode.swift; path = MealDetailView.swift; sourceTree = "<group>"; };
		445C532F2A537853000CF2BB /* CategoriesViewModel.swift */ = {isa = PBXFileReference; lastKnownFileType = sourcecode.swift; path = CategoriesViewModel.swift; sourceTree = "<group>"; };
		445C53312A53788D000CF2BB /* MealsViewModel.swift */ = {isa = PBXFileReference; lastKnownFileType = sourcecode.swift; path = MealsViewModel.swift; sourceTree = "<group>"; };
		445C53332A537898000CF2BB /* MealDetailViewModel.swift */ = {isa = PBXFileReference; lastKnownFileType = sourcecode.swift; path = MealDetailViewModel.swift; sourceTree = "<group>"; };
		4481BF522A53828100F772EF /* Meals.swift */ = {isa = PBXFileReference; fileEncoding = 4; lastKnownFileType = sourcecode.swift; path = Meals.swift; sourceTree = "<group>"; };
		44925A312A6329B1007F86DF /* MealDBViewModel.swift */ = {isa = PBXFileReference; lastKnownFileType = sourcecode.swift; path = MealDBViewModel.swift; sourceTree = "<group>"; };
		44925A332A632FCA007F86DF /* Categories.swift */ = {isa = PBXFileReference; lastKnownFileType = sourcecode.swift; path = Categories.swift; sourceTree = "<group>"; };
/* End PBXFileReference section */

/* Begin PBXFrameworksBuildPhase section */
		441865022A5327B3001E0BDF /* Frameworks */ = {
			isa = PBXFrameworksBuildPhase;
			buildActionMask = 2147483647;
			files = (
			);
			runOnlyForDeploymentPostprocessing = 0;
		};
		441865122A5327B4001E0BDF /* Frameworks */ = {
			isa = PBXFrameworksBuildPhase;
			buildActionMask = 2147483647;
			files = (
			);
			runOnlyForDeploymentPostprocessing = 0;
		};
		4418651C2A5327B4001E0BDF /* Frameworks */ = {
			isa = PBXFrameworksBuildPhase;
			buildActionMask = 2147483647;
			files = (
			);
			runOnlyForDeploymentPostprocessing = 0;
		};
/* End PBXFrameworksBuildPhase section */

/* Begin PBXGroup section */
		441864FC2A5327B3001E0BDF = {
			isa = PBXGroup;
			children = (
				441865072A5327B3001E0BDF /* TheRealMeal */,
				441865182A5327B4001E0BDF /* TheRealMealTests */,
				441865222A5327B4001E0BDF /* TheRealMealUITests */,
				441865062A5327B3001E0BDF /* Products */,
			);
			sourceTree = "<group>";
		};
		441865062A5327B3001E0BDF /* Products */ = {
			isa = PBXGroup;
			children = (
				441865052A5327B3001E0BDF /* TheRealMeal.app */,
				441865152A5327B4001E0BDF /* TheRealMealTests.xctest */,
				4418651F2A5327B4001E0BDF /* TheRealMealUITests.xctest */,
			);
			name = Products;
			sourceTree = "<group>";
		};
		441865072A5327B3001E0BDF /* TheRealMeal */ = {
			isa = PBXGroup;
			children = (
				441865082A5327B3001E0BDF /* TheRealMealApp.swift */,
				4434628D2A532DD200F59043 /* Models */,
				445C532D2A53780E000CF2BB /* Views */,
				445C532E2A53781C000CF2BB /* ViewModels */,
				445C53272A534979000CF2BB /* Utilities.swift */,
				4418650C2A5327B4001E0BDF /* Assets.xcassets */,
				4418650E2A5327B4001E0BDF /* Preview Content */,
			);
			path = TheRealMeal;
			sourceTree = "<group>";
		};
		4418650E2A5327B4001E0BDF /* Preview Content */ = {
			isa = PBXGroup;
			children = (
				4418650F2A5327B4001E0BDF /* Preview Assets.xcassets */,
			);
			path = "Preview Content";
			sourceTree = "<group>";
		};
		441865182A5327B4001E0BDF /* TheRealMealTests */ = {
			isa = PBXGroup;
			children = (
				441865192A5327B4001E0BDF /* TheRealMealUtilityTests.swift */,
				440AEC0A2B166A3D006B6F9D /* NetworkManagerTests.swift */,
			);
			path = TheRealMealTests;
			sourceTree = "<group>";
		};
		441865222A5327B4001E0BDF /* TheRealMealUITests */ = {
			isa = PBXGroup;
			children = (
				441865232A5327B4001E0BDF /* TheRealMealUITests.swift */,
				441865252A5327B4001E0BDF /* TheRealMealUITestsLaunchTests.swift */,
			);
			path = TheRealMealUITests;
			sourceTree = "<group>";
		};
		4434628D2A532DD200F59043 /* Models */ = {
			isa = PBXGroup;
			children = (
				4481BF522A53828100F772EF /* Meals.swift */,
				44925A332A632FCA007F86DF /* Categories.swift */,
			);
			path = Models;
			sourceTree = "<group>";
		};
		445C532D2A53780E000CF2BB /* Views */ = {
			isa = PBXGroup;
			children = (
				4418650A2A5327B3001E0BDF /* CategoriesView.swift */,
				443462922A53406A00F59043 /* MealsView.swift */,
				445C532B2A534DC0000CF2BB /* MealDetailView.swift */,
			);
			path = Views;
			sourceTree = "<group>";
		};
		445C532E2A53781C000CF2BB /* ViewModels */ = {
			isa = PBXGroup;
			children = (
				445C532F2A537853000CF2BB /* CategoriesViewModel.swift */,
				445C53312A53788D000CF2BB /* MealsViewModel.swift */,
				445C53332A537898000CF2BB /* MealDetailViewModel.swift */,
				44925A312A6329B1007F86DF /* MealDBViewModel.swift */,
			);
			path = ViewModels;
			sourceTree = "<group>";
		};
/* End PBXGroup section */

/* Begin PBXNativeTarget section */
		441865042A5327B3001E0BDF /* TheRealMeal */ = {
			isa = PBXNativeTarget;
			buildConfigurationList = 441865292A5327B4001E0BDF /* Build configuration list for PBXNativeTarget "TheRealMeal" */;
			buildPhases = (
				441865012A5327B3001E0BDF /* Sources */,
				441865022A5327B3001E0BDF /* Frameworks */,
				441865032A5327B3001E0BDF /* Resources */,
			);
			buildRules = (
			);
			dependencies = (
			);
			name = TheRealMeal;
			productName = TheRealMeal;
			productReference = 441865052A5327B3001E0BDF /* TheRealMeal.app */;
			productType = "com.apple.product-type.application";
		};
		441865142A5327B4001E0BDF /* TheRealMealTests */ = {
			isa = PBXNativeTarget;
			buildConfigurationList = 4418652C2A5327B4001E0BDF /* Build configuration list for PBXNativeTarget "TheRealMealTests" */;
			buildPhases = (
				441865112A5327B4001E0BDF /* Sources */,
				441865122A5327B4001E0BDF /* Frameworks */,
				441865132A5327B4001E0BDF /* Resources */,
			);
			buildRules = (
			);
			dependencies = (
				441865172A5327B4001E0BDF /* PBXTargetDependency */,
			);
			name = TheRealMealTests;
			productName = TheRealMealTests;
			productReference = 441865152A5327B4001E0BDF /* TheRealMealTests.xctest */;
			productType = "com.apple.product-type.bundle.unit-test";
		};
		4418651E2A5327B4001E0BDF /* TheRealMealUITests */ = {
			isa = PBXNativeTarget;
			buildConfigurationList = 4418652F2A5327B4001E0BDF /* Build configuration list for PBXNativeTarget "TheRealMealUITests" */;
			buildPhases = (
				4418651B2A5327B4001E0BDF /* Sources */,
				4418651C2A5327B4001E0BDF /* Frameworks */,
				4418651D2A5327B4001E0BDF /* Resources */,
			);
			buildRules = (
			);
			dependencies = (
				441865212A5327B4001E0BDF /* PBXTargetDependency */,
			);
			name = TheRealMealUITests;
			productName = TheRealMealUITests;
			productReference = 4418651F2A5327B4001E0BDF /* TheRealMealUITests.xctest */;
			productType = "com.apple.product-type.bundle.ui-testing";
		};
/* End PBXNativeTarget section */

/* Begin PBXProject section */
		441864FD2A5327B3001E0BDF /* Project object */ = {
			isa = PBXProject;
			attributes = {
				BuildIndependentTargetsInParallel = 1;
				LastSwiftUpdateCheck = 1430;
				LastUpgradeCheck = 1430;
				TargetAttributes = {
					441865042A5327B3001E0BDF = {
						CreatedOnToolsVersion = 14.3.1;
					};
					441865142A5327B4001E0BDF = {
						CreatedOnToolsVersion = 14.3.1;
						TestTargetID = 441865042A5327B3001E0BDF;
					};
					4418651E2A5327B4001E0BDF = {
						CreatedOnToolsVersion = 14.3.1;
						TestTargetID = 441865042A5327B3001E0BDF;
					};
				};
			};
			buildConfigurationList = 441865002A5327B3001E0BDF /* Build configuration list for PBXProject "TheRealMeal" */;
			compatibilityVersion = "Xcode 14.0";
			developmentRegion = en;
			hasScannedForEncodings = 0;
			knownRegions = (
				en,
				Base,
			);
			mainGroup = 441864FC2A5327B3001E0BDF;
			productRefGroup = 441865062A5327B3001E0BDF /* Products */;
			projectDirPath = "";
			projectRoot = "";
			targets = (
				441865042A5327B3001E0BDF /* TheRealMeal */,
				441865142A5327B4001E0BDF /* TheRealMealTests */,
				4418651E2A5327B4001E0BDF /* TheRealMealUITests */,
			);
		};
/* End PBXProject section */

/* Begin PBXResourcesBuildPhase section */
		441865032A5327B3001E0BDF /* Resources */ = {
			isa = PBXResourcesBuildPhase;
			buildActionMask = 2147483647;
			files = (
				441865102A5327B4001E0BDF /* Preview Assets.xcassets in Resources */,
				4418650D2A5327B4001E0BDF /* Assets.xcassets in Resources */,
			);
			runOnlyForDeploymentPostprocessing = 0;
		};
		441865132A5327B4001E0BDF /* Resources */ = {
			isa = PBXResourcesBuildPhase;
			buildActionMask = 2147483647;
			files = (
			);
			runOnlyForDeploymentPostprocessing = 0;
		};
		4418651D2A5327B4001E0BDF /* Resources */ = {
			isa = PBXResourcesBuildPhase;
			buildActionMask = 2147483647;
			files = (
			);
			runOnlyForDeploymentPostprocessing = 0;
		};
/* End PBXResourcesBuildPhase section */

/* Begin PBXSourcesBuildPhase section */
		441865012A5327B3001E0BDF /* Sources */ = {
			isa = PBXSourcesBuildPhase;
			buildActionMask = 2147483647;
			files = (
				445C53282A534979000CF2BB /* Utilities.swift in Sources */,
				44925A322A6329B1007F86DF /* MealDBViewModel.swift in Sources */,
				445C532C2A534DC0000CF2BB /* MealDetailView.swift in Sources */,
				443462932A53406A00F59043 /* MealsView.swift in Sources */,
				4418650B2A5327B3001E0BDF /* CategoriesView.swift in Sources */,
				445C53322A53788D000CF2BB /* MealsViewModel.swift in Sources */,
				44925A342A632FCA007F86DF /* Categories.swift in Sources */,
				441865092A5327B3001E0BDF /* TheRealMealApp.swift in Sources */,
				4481BF532A53828100F772EF /* Meals.swift in Sources */,
				445C53342A537898000CF2BB /* MealDetailViewModel.swift in Sources */,
				445C53302A537853000CF2BB /* CategoriesViewModel.swift in Sources */,
			);
			runOnlyForDeploymentPostprocessing = 0;
		};
		441865112A5327B4001E0BDF /* Sources */ = {
			isa = PBXSourcesBuildPhase;
			buildActionMask = 2147483647;
			files = (
				440AEC0B2B166A3D006B6F9D /* NetworkManagerTests.swift in Sources */,
				4418651A2A5327B4001E0BDF /* TheRealMealUtilityTests.swift in Sources */,
			);
			runOnlyForDeploymentPostprocessing = 0;
		};
		4418651B2A5327B4001E0BDF /* Sources */ = {
			isa = PBXSourcesBuildPhase;
			buildActionMask = 2147483647;
			files = (
				441865242A5327B4001E0BDF /* TheRealMealUITests.swift in Sources */,
				441865262A5327B4001E0BDF /* TheRealMealUITestsLaunchTests.swift in Sources */,
			);
			runOnlyForDeploymentPostprocessing = 0;
		};
/* End PBXSourcesBuildPhase section */

/* Begin PBXTargetDependency section */
		441865172A5327B4001E0BDF /* PBXTargetDependency */ = {
			isa = PBXTargetDependency;
			target = 441865042A5327B3001E0BDF /* TheRealMeal */;
			targetProxy = 441865162A5327B4001E0BDF /* PBXContainerItemProxy */;
		};
		441865212A5327B4001E0BDF /* PBXTargetDependency */ = {
			isa = PBXTargetDependency;
			target = 441865042A5327B3001E0BDF /* TheRealMeal */;
			targetProxy = 441865202A5327B4001E0BDF /* PBXContainerItemProxy */;
		};
/* End PBXTargetDependency section */

/* Begin XCBuildConfiguration section */
		441865272A5327B4001E0BDF /* Debug */ = {
			isa = XCBuildConfiguration;
			buildSettings = {
				ALWAYS_SEARCH_USER_PATHS = NO;
				CLANG_ANALYZER_NONNULL = YES;
				CLANG_ANALYZER_NUMBER_OBJECT_CONVERSION = YES_AGGRESSIVE;
				CLANG_CXX_LANGUAGE_STANDARD = "gnu++20";
				CLANG_ENABLE_MODULES = YES;
				CLANG_ENABLE_OBJC_ARC = YES;
				CLANG_ENABLE_OBJC_WEAK = YES;
				CLANG_WARN_BLOCK_CAPTURE_AUTORELEASING = YES;
				CLANG_WARN_BOOL_CONVERSION = YES;
				CLANG_WARN_COMMA = YES;
				CLANG_WARN_CONSTANT_CONVERSION = YES;
				CLANG_WARN_DEPRECATED_OBJC_IMPLEMENTATIONS = YES;
				CLANG_WARN_DIRECT_OBJC_ISA_USAGE = YES_ERROR;
				CLANG_WARN_DOCUMENTATION_COMMENTS = YES;
				CLANG_WARN_EMPTY_BODY = YES;
				CLANG_WARN_ENUM_CONVERSION = YES;
				CLANG_WARN_INFINITE_RECURSION = YES;
				CLANG_WARN_INT_CONVERSION = YES;
				CLANG_WARN_NON_LITERAL_NULL_CONVERSION = YES;
				CLANG_WARN_OBJC_IMPLICIT_RETAIN_SELF = YES;
				CLANG_WARN_OBJC_LITERAL_CONVERSION = YES;
				CLANG_WARN_OBJC_ROOT_CLASS = YES_ERROR;
				CLANG_WARN_QUOTED_INCLUDE_IN_FRAMEWORK_HEADER = YES;
				CLANG_WARN_RANGE_LOOP_ANALYSIS = YES;
				CLANG_WARN_STRICT_PROTOTYPES = YES;
				CLANG_WARN_SUSPICIOUS_MOVE = YES;
				CLANG_WARN_UNGUARDED_AVAILABILITY = YES_AGGRESSIVE;
				CLANG_WARN_UNREACHABLE_CODE = YES;
				CLANG_WARN__DUPLICATE_METHOD_MATCH = YES;
				COPY_PHASE_STRIP = NO;
				DEBUG_INFORMATION_FORMAT = dwarf;
				ENABLE_STRICT_OBJC_MSGSEND = YES;
				ENABLE_TESTABILITY = YES;
				GCC_C_LANGUAGE_STANDARD = gnu11;
				GCC_DYNAMIC_NO_PIC = NO;
				GCC_NO_COMMON_BLOCKS = YES;
				GCC_OPTIMIZATION_LEVEL = 0;
				GCC_PREPROCESSOR_DEFINITIONS = (
					"DEBUG=1",
					"$(inherited)",
				);
				GCC_WARN_64_TO_32_BIT_CONVERSION = YES;
				GCC_WARN_ABOUT_RETURN_TYPE = YES_ERROR;
				GCC_WARN_UNDECLARED_SELECTOR = YES;
				GCC_WARN_UNINITIALIZED_AUTOS = YES_AGGRESSIVE;
				GCC_WARN_UNUSED_FUNCTION = YES;
				GCC_WARN_UNUSED_VARIABLE = YES;
				IPHONEOS_DEPLOYMENT_TARGET = 16.4;
				MTL_ENABLE_DEBUG_INFO = INCLUDE_SOURCE;
				MTL_FAST_MATH = YES;
				ONLY_ACTIVE_ARCH = YES;
				SDKROOT = iphoneos;
				SWIFT_ACTIVE_COMPILATION_CONDITIONS = DEBUG;
				SWIFT_OPTIMIZATION_LEVEL = "-Onone";
			};
			name = Debug;
		};
		441865282A5327B4001E0BDF /* Release */ = {
			isa = XCBuildConfiguration;
			buildSettings = {
				ALWAYS_SEARCH_USER_PATHS = NO;
				CLANG_ANALYZER_NONNULL = YES;
				CLANG_ANALYZER_NUMBER_OBJECT_CONVERSION = YES_AGGRESSIVE;
				CLANG_CXX_LANGUAGE_STANDARD = "gnu++20";
				CLANG_ENABLE_MODULES = YES;
				CLANG_ENABLE_OBJC_ARC = YES;
				CLANG_ENABLE_OBJC_WEAK = YES;
				CLANG_WARN_BLOCK_CAPTURE_AUTORELEASING = YES;
				CLANG_WARN_BOOL_CONVERSION = YES;
				CLANG_WARN_COMMA = YES;
				CLANG_WARN_CONSTANT_CONVERSION = YES;
				CLANG_WARN_DEPRECATED_OBJC_IMPLEMENTATIONS = YES;
				CLANG_WARN_DIRECT_OBJC_ISA_USAGE = YES_ERROR;
				CLANG_WARN_DOCUMENTATION_COMMENTS = YES;
				CLANG_WARN_EMPTY_BODY = YES;
				CLANG_WARN_ENUM_CONVERSION = YES;
				CLANG_WARN_INFINITE_RECURSION = YES;
				CLANG_WARN_INT_CONVERSION = YES;
				CLANG_WARN_NON_LITERAL_NULL_CONVERSION = YES;
				CLANG_WARN_OBJC_IMPLICIT_RETAIN_SELF = YES;
				CLANG_WARN_OBJC_LITERAL_CONVERSION = YES;
				CLANG_WARN_OBJC_ROOT_CLASS = YES_ERROR;
				CLANG_WARN_QUOTED_INCLUDE_IN_FRAMEWORK_HEADER = YES;
				CLANG_WARN_RANGE_LOOP_ANALYSIS = YES;
				CLANG_WARN_STRICT_PROTOTYPES = YES;
				CLANG_WARN_SUSPICIOUS_MOVE = YES;
				CLANG_WARN_UNGUARDED_AVAILABILITY = YES_AGGRESSIVE;
				CLANG_WARN_UNREACHABLE_CODE = YES;
				CLANG_WARN__DUPLICATE_METHOD_MATCH = YES;
				COPY_PHASE_STRIP = NO;
				DEBUG_INFORMATION_FORMAT = "dwarf-with-dsym";
				ENABLE_NS_ASSERTIONS = NO;
				ENABLE_STRICT_OBJC_MSGSEND = YES;
				GCC_C_LANGUAGE_STANDARD = gnu11;
				GCC_NO_COMMON_BLOCKS = YES;
				GCC_WARN_64_TO_32_BIT_CONVERSION = YES;
				GCC_WARN_ABOUT_RETURN_TYPE = YES_ERROR;
				GCC_WARN_UNDECLARED_SELECTOR = YES;
				GCC_WARN_UNINITIALIZED_AUTOS = YES_AGGRESSIVE;
				GCC_WARN_UNUSED_FUNCTION = YES;
				GCC_WARN_UNUSED_VARIABLE = YES;
				IPHONEOS_DEPLOYMENT_TARGET = 16.4;
				MTL_ENABLE_DEBUG_INFO = NO;
				MTL_FAST_MATH = YES;
				SDKROOT = iphoneos;
				SWIFT_COMPILATION_MODE = wholemodule;
				SWIFT_OPTIMIZATION_LEVEL = "-O";
				VALIDATE_PRODUCT = YES;
			};
			name = Release;
		};
		4418652A2A5327B4001E0BDF /* Debug */ = {
			isa = XCBuildConfiguration;
			buildSettings = {
				ASSETCATALOG_COMPILER_APPICON_NAME = AppIcon;
				ASSETCATALOG_COMPILER_GLOBAL_ACCENT_COLOR_NAME = AccentColor;
				CODE_SIGN_STYLE = Automatic;
				CURRENT_PROJECT_VERSION = 1;
				DEVELOPMENT_ASSET_PATHS = "\"TheRealMeal/Preview Content\"";
				DEVELOPMENT_TEAM = E24P6RF94S;
				ENABLE_PREVIEWS = YES;
				GENERATE_INFOPLIST_FILE = YES;
				INFOPLIST_KEY_UIApplicationSceneManifest_Generation = YES;
				INFOPLIST_KEY_UIApplicationSupportsIndirectInputEvents = YES;
				INFOPLIST_KEY_UILaunchScreen_Generation = YES;
				INFOPLIST_KEY_UISupportedInterfaceOrientations = UIInterfaceOrientationPortrait;
				INFOPLIST_KEY_UISupportedInterfaceOrientations_iPad = "UIInterfaceOrientationPortrait UIInterfaceOrientationPortraitUpsideDown";
				IPHONEOS_DEPLOYMENT_TARGET = 15.0;
				LD_RUNPATH_SEARCH_PATHS = (
					"$(inherited)",
					"@executable_path/Frameworks",
				);
				MARKETING_VERSION = 1.0;
				PRODUCT_BUNDLE_IDENTIFIER = com.giorgio.TheRealMeal;
				PRODUCT_NAME = "$(TARGET_NAME)";
				SWIFT_EMIT_LOC_STRINGS = YES;
				SWIFT_VERSION = 5.0;
				TARGETED_DEVICE_FAMILY = "1,2";
			};
			name = Debug;
		};
		4418652B2A5327B4001E0BDF /* Release */ = {
			isa = XCBuildConfiguration;
			buildSettings = {
				ASSETCATALOG_COMPILER_APPICON_NAME = AppIcon;
				ASSETCATALOG_COMPILER_GLOBAL_ACCENT_COLOR_NAME = AccentColor;
				CODE_SIGN_STYLE = Automatic;
				CURRENT_PROJECT_VERSION = 1;
				DEVELOPMENT_ASSET_PATHS = "\"TheRealMeal/Preview Content\"";
				DEVELOPMENT_TEAM = E24P6RF94S;
				ENABLE_PREVIEWS = YES;
				GENERATE_INFOPLIST_FILE = YES;
				INFOPLIST_KEY_UIApplicationSceneManifest_Generation = YES;
				INFOPLIST_KEY_UIApplicationSupportsIndirectInputEvents = YES;
				INFOPLIST_KEY_UILaunchScreen_Generation = YES;
				INFOPLIST_KEY_UISupportedInterfaceOrientations = UIInterfaceOrientationPortrait;
				INFOPLIST_KEY_UISupportedInterfaceOrientations_iPad = "UIInterfaceOrientationPortrait UIInterfaceOrientationPortraitUpsideDown";
				IPHONEOS_DEPLOYMENT_TARGET = 15.0;
				LD_RUNPATH_SEARCH_PATHS = (
					"$(inherited)",
					"@executable_path/Frameworks",
				);
				MARKETING_VERSION = 1.0;
				PRODUCT_BUNDLE_IDENTIFIER = com.giorgio.TheRealMeal;
				PRODUCT_NAME = "$(TARGET_NAME)";
				SWIFT_EMIT_LOC_STRINGS = YES;
				SWIFT_VERSION = 5.0;
				TARGETED_DEVICE_FAMILY = "1,2";
			};
			name = Release;
		};
		4418652D2A5327B4001E0BDF /* Debug */ = {
			isa = XCBuildConfiguration;
			buildSettings = {
				ALWAYS_EMBED_SWIFT_STANDARD_LIBRARIES = YES;
				BUNDLE_LOADER = "$(TEST_HOST)";
				CODE_SIGN_STYLE = Automatic;
				CURRENT_PROJECT_VERSION = 1;
				GENERATE_INFOPLIST_FILE = YES;
				IPHONEOS_DEPLOYMENT_TARGET = 16.4;
				MARKETING_VERSION = 1.0;
				PRODUCT_BUNDLE_IDENTIFIER = com.giorgio.TheRealMealTests;
				PRODUCT_NAME = "$(TARGET_NAME)";
				SWIFT_EMIT_LOC_STRINGS = NO;
				SWIFT_VERSION = 5.0;
				TARGETED_DEVICE_FAMILY = "1,2";
				TEST_HOST = "$(BUILT_PRODUCTS_DIR)/TheRealMeal.app/$(BUNDLE_EXECUTABLE_FOLDER_PATH)/TheRealMeal";
			};
			name = Debug;
		};
		4418652E2A5327B4001E0BDF /* Release */ = {
			isa = XCBuildConfiguration;
			buildSettings = {
				ALWAYS_EMBED_SWIFT_STANDARD_LIBRARIES = YES;
				BUNDLE_LOADER = "$(TEST_HOST)";
				CODE_SIGN_STYLE = Automatic;
				CURRENT_PROJECT_VERSION = 1;
				GENERATE_INFOPLIST_FILE = YES;
				IPHONEOS_DEPLOYMENT_TARGET = 16.4;
				MARKETING_VERSION = 1.0;
				PRODUCT_BUNDLE_IDENTIFIER = com.giorgio.TheRealMealTests;
				PRODUCT_NAME = "$(TARGET_NAME)";
				SWIFT_EMIT_LOC_STRINGS = NO;
				SWIFT_VERSION = 5.0;
				TARGETED_DEVICE_FAMILY = "1,2";
				TEST_HOST = "$(BUILT_PRODUCTS_DIR)/TheRealMeal.app/$(BUNDLE_EXECUTABLE_FOLDER_PATH)/TheRealMeal";
			};
			name = Release;
		};
		441865302A5327B4001E0BDF /* Debug */ = {
			isa = XCBuildConfiguration;
			buildSettings = {
				ALWAYS_EMBED_SWIFT_STANDARD_LIBRARIES = YES;
				CODE_SIGN_STYLE = Automatic;
				CURRENT_PROJECT_VERSION = 1;
				GENERATE_INFOPLIST_FILE = YES;
				MARKETING_VERSION = 1.0;
				PRODUCT_BUNDLE_IDENTIFIER = com.giorgio.TheRealMealUITests;
				PRODUCT_NAME = "$(TARGET_NAME)";
				SWIFT_EMIT_LOC_STRINGS = NO;
				SWIFT_VERSION = 5.0;
				TARGETED_DEVICE_FAMILY = "1,2";
				TEST_TARGET_NAME = TheRealMeal;
			};
			name = Debug;
		};
		441865312A5327B4001E0BDF /* Release */ = {
			isa = XCBuildConfiguration;
			buildSettings = {
				ALWAYS_EMBED_SWIFT_STANDARD_LIBRARIES = YES;
				CODE_SIGN_STYLE = Automatic;
				CURRENT_PROJECT_VERSION = 1;
				GENERATE_INFOPLIST_FILE = YES;
				MARKETING_VERSION = 1.0;
				PRODUCT_BUNDLE_IDENTIFIER = com.giorgio.TheRealMealUITests;
				PRODUCT_NAME = "$(TARGET_NAME)";
				SWIFT_EMIT_LOC_STRINGS = NO;
				SWIFT_VERSION = 5.0;
				TARGETED_DEVICE_FAMILY = "1,2";
				TEST_TARGET_NAME = TheRealMeal;
			};
			name = Release;
		};
/* End XCBuildConfiguration section */

/* Begin XCConfigurationList section */
		441865002A5327B3001E0BDF /* Build configuration list for PBXProject "TheRealMeal" */ = {
			isa = XCConfigurationList;
			buildConfigurations = (
				441865272A5327B4001E0BDF /* Debug */,
				441865282A5327B4001E0BDF /* Release */,
			);
			defaultConfigurationIsVisible = 0;
			defaultConfigurationName = Release;
		};
		441865292A5327B4001E0BDF /* Build configuration list for PBXNativeTarget "TheRealMeal" */ = {
			isa = XCConfigurationList;
			buildConfigurations = (
				4418652A2A5327B4001E0BDF /* Debug */,
				4418652B2A5327B4001E0BDF /* Release */,
			);
			defaultConfigurationIsVisible = 0;
			defaultConfigurationName = Release;
		};
		4418652C2A5327B4001E0BDF /* Build configuration list for PBXNativeTarget "TheRealMealTests" */ = {
			isa = XCConfigurationList;
			buildConfigurations = (
				4418652D2A5327B4001E0BDF /* Debug */,
				4418652E2A5327B4001E0BDF /* Release */,
			);
			defaultConfigurationIsVisible = 0;
			defaultConfigurationName = Release;
		};
		4418652F2A5327B4001E0BDF /* Build configuration list for PBXNativeTarget "TheRealMealUITests" */ = {
			isa = XCConfigurationList;
			buildConfigurations = (
				441865302A5327B4001E0BDF /* Debug */,
				441865312A5327B4001E0BDF /* Release */,
			);
			defaultConfigurationIsVisible = 0;
			defaultConfigurationName = Release;
		};
/* End XCConfigurationList section */
	};
	rootObject = 441864FD2A5327B3001E0BDF /* Project object */;
}
